
Microsoft Visual Studio Solution File, Format Version 12.00
# Visual Studio Version 16
VisualStudioVersion = 16.0.28803.156
MinimumVisualStudioVersion = 10.0.40219.1
Project("{FAE04EC0-301F-11D3-BF4B-00C04F79EFBC}") = "cl-real-estate-project", "cl-real-estate-project\cl-real-estate-project.csproj", "{7F841E99-B5C6-4717-9BD4-D86F64EAF545}"
EndProject
Global
	GlobalSection(SolutionConfigurationPlatforms) = preSolution
		Debug|Any CPU = Debug|Any CPU
		Release|Any CPU = Release|Any CPU
	EndGlobalSection
	GlobalSection(ProjectConfigurationPlatforms) = postSolution
		{7F841E99-B5C6-4717-9BD4-D86F64EAF545}.Debug|Any CPU.ActiveCfg = Debug|Any CPU
		{7F841E99-B5C6-4717-9BD4-D86F64EAF545}.Debug|Any CPU.Build.0 = Debug|Any CPU
		{7F841E99-B5C6-4717-9BD4-D86F64EAF545}.Release|Any CPU.ActiveCfg = Release|Any CPU
		{7F841E99-B5C6-4717-9BD4-D86F64EAF545}.Release|Any CPU.Build.0 = Release|Any CPU
	EndGlobalSection
	GlobalSection(SolutionProperties) = preSolution
		HideSolutionNode = FALSE
	EndGlobalSection
	GlobalSection(ExtensibilityGlobals) = postSolution
		SolutionGuid = {C2D89B22-DD8C-4AA4-8063-0316CCB4FAA7}
	EndGlobalSection
EndGlobal
