
Microsoft Visual Studio Solution File, Format Version 12.00
# Visual Studio Version 16
VisualStudioVersion = 16.0.28803.156
MinimumVisualStudioVersion = 10.0.40219.1
Project("{FAE04EC0-301F-11D3-BF4B-00C04F79EFBC}") = "realEstate", "realEstate\realEstate.csproj", "{F29498CA-8606-40ED-AD15-F333E5667543}"
EndProject
Global
	GlobalSection(SolutionConfigurationPlatforms) = preSolution
		Debug|Any CPU = Debug|Any CPU
		Release|Any CPU = Release|Any CPU
	EndGlobalSection
	GlobalSection(ProjectConfigurationPlatforms) = postSolution
		{F29498CA-8606-40ED-AD15-F333E5667543}.Debug|Any CPU.ActiveCfg = Debug|Any CPU
		{F29498CA-8606-40ED-AD15-F333E5667543}.Debug|Any CPU.Build.0 = Debug|Any CPU
		{F29498CA-8606-40ED-AD15-F333E5667543}.Release|Any CPU.ActiveCfg = Release|Any CPU
		{F29498CA-8606-40ED-AD15-F333E5667543}.Release|Any CPU.Build.0 = Release|Any CPU
	EndGlobalSection
	GlobalSection(SolutionProperties) = preSolution
		HideSolutionNode = FALSE
	EndGlobalSection
	GlobalSection(ExtensibilityGlobals) = postSolution
		SolutionGuid = {35AD65A7-1B44-4AAF-8FA2-60FFA6A85F56}
	EndGlobalSection
EndGlobal
